
Microsoft Visual Studio Solution File, Format Version 12.00
# Visual Studio 15
VisualStudioVersion = 15.0.26228.4
MinimumVisualStudioVersion = 10.0.40219.1
Project("{FAE04EC0-301F-11D3-BF4B-00C04F79EFBC}") = "PRTGNetFlowUpdater", "PRTGNetFlowUpdater\PRTGNetFlowUpdater.csproj", "{CF1FBC40-AA16-4A2C-B550-C5B954859C78}"
EndProject
Project("{2150E333-8FDC-42A3-9474-1A3956D46DE8}") = "Solution Items", "Solution Items", "{13230FED-D0D3-416A-9A75-4934CE6A991B}"
	ProjectSection(SolutionItems) = preProject
		PRTGNetFlowUpdater\PrtgRuleTemplates.xml = PRTGNetFlowUpdater\PrtgRuleTemplates.xml
	EndProjectSection
EndProject
Global
	GlobalSection(SolutionConfigurationPlatforms) = preSolution
		Debug|Any CPU = Debug|Any CPU
		Release|Any CPU = Release|Any CPU
	EndGlobalSection
	GlobalSection(ProjectConfigurationPlatforms) = postSolution
		{CF1FBC40-AA16-4A2C-B550-C5B954859C78}.Debug|Any CPU.ActiveCfg = Debug|Any CPU
		{CF1FBC40-AA16-4A2C-B550-C5B954859C78}.Debug|Any CPU.Build.0 = Debug|Any CPU
		{CF1FBC40-AA16-4A2C-B550-C5B954859C78}.Release|Any CPU.ActiveCfg = Release|Any CPU
		{CF1FBC40-AA16-4A2C-B550-C5B954859C78}.Release|Any CPU.Build.0 = Release|Any CPU
	EndGlobalSection
	GlobalSection(SolutionProperties) = preSolution
		HideSolutionNode = FALSE
	EndGlobalSection
EndGlobal
